
Microsoft Visual Studio Solution File, Format Version 12.00
# Visual Studio Version 16
VisualStudioVersion = 16.0.30611.23
MinimumVisualStudioVersion = 10.0.40219.1
Project("{FAE04EC0-301F-11D3-BF4B-00C04F79EFBC}") = "Lab4_w61933_Krzysztof_Socha", "Lab4_w61933_Krzysztof_Socha\Lab4_w61933_Krzysztof_Socha.csproj", "{A5AA2AB7-F462-42BE-AB18-52D7C5E53587}"
EndProject
Global
	GlobalSection(SolutionConfigurationPlatforms) = preSolution
		Debug|Any CPU = Debug|Any CPU
		Release|Any CPU = Release|Any CPU
	EndGlobalSection
	GlobalSection(ProjectConfigurationPlatforms) = postSolution
		{A5AA2AB7-F462-42BE-AB18-52D7C5E53587}.Debug|Any CPU.ActiveCfg = Debug|Any CPU
		{A5AA2AB7-F462-42BE-AB18-52D7C5E53587}.Debug|Any CPU.Build.0 = Debug|Any CPU
		{A5AA2AB7-F462-42BE-AB18-52D7C5E53587}.Release|Any CPU.ActiveCfg = Release|Any CPU
		{A5AA2AB7-F462-42BE-AB18-52D7C5E53587}.Release|Any CPU.Build.0 = Release|Any CPU
	EndGlobalSection
	GlobalSection(SolutionProperties) = preSolution
		HideSolutionNode = FALSE
	EndGlobalSection
	GlobalSection(ExtensibilityGlobals) = postSolution
		SolutionGuid = {3BA30C53-0E94-4A0D-9161-3E7C6913F0BA}
	EndGlobalSection
EndGlobal
